
Microsoft Visual Studio Solution File, Format Version 12.00
# Visual Studio 15
VisualStudioVersion = 15.0.27004.2005
MinimumVisualStudioVersion = 10.0.40219.1
Project("{FAE04EC0-301F-11D3-BF4B-00C04F79EFBC}") = "Web.Application", "Web.Application\Web.Application.csproj", "{95D0CF6D-926A-49A4-98CD-631C83B5ADD3}"
EndProject
Global
	GlobalSection(SolutionConfigurationPlatforms) = preSolution
		Debug|Any CPU = Debug|Any CPU
		Release|Any CPU = Release|Any CPU
	EndGlobalSection
	GlobalSection(ProjectConfigurationPlatforms) = postSolution
		{95D0CF6D-926A-49A4-98CD-631C83B5ADD3}.Debug|Any CPU.ActiveCfg = Debug|Any CPU
		{95D0CF6D-926A-49A4-98CD-631C83B5ADD3}.Debug|Any CPU.Build.0 = Debug|Any CPU
		{95D0CF6D-926A-49A4-98CD-631C83B5ADD3}.Release|Any CPU.ActiveCfg = Release|Any CPU
		{95D0CF6D-926A-49A4-98CD-631C83B5ADD3}.Release|Any CPU.Build.0 = Release|Any CPU
	EndGlobalSection
	GlobalSection(SolutionProperties) = preSolution
		HideSolutionNode = FALSE
	EndGlobalSection
	GlobalSection(ExtensibilityGlobals) = postSolution
		SolutionGuid = {02EE9791-4798-4893-A9D0-3475E401127D}
	EndGlobalSection
EndGlobal
